
Microsoft Visual Studio Solution File, Format Version 12.00
# Visual Studio 2013
VisualStudioVersion = 12.0.31101.0
MinimumVisualStudioVersion = 10.0.40219.1
Project("{FAE04EC0-301F-11D3-BF4B-00C04F79EFBC}") = "GMKB", "GMKB\GMKB.csproj", "{82C84B72-23DD-4354-AD0D-C6FF9E34B34F}"
EndProject
Project("{FAE04EC0-301F-11D3-BF4B-00C04F79EFBC}") = "KeywordSearch.Tests", "KeywordSearch.Tests\KeywordSearch.Tests.csproj", "{4D51DDA0-D55D-4129-8157-FDB20D9879E9}"
EndProject
Global
	GlobalSection(TeamFoundationVersionControl) = preSolution
		SccNumberOfProjects = 3
		SccEnterpriseProvider = {4CA58AB2-18FA-4F8D-95D4-32DDF27D184C}
		SccTeamFoundationServer = http://wtcis-tfs12.wtstudents.wtamu.edu:8080/tfs/saturn
		SccLocalPath0 = .
		SccProjectUniqueName1 = GMKB\\GMKB.csproj
		SccProjectName1 = GMKB
		SccLocalPath1 = GMKB
		SccProjectUniqueName2 = KeywordSearch.Tests\\KeywordSearch.Tests.csproj
		SccProjectName2 = KeywordSearch.Tests
		SccLocalPath2 = KeywordSearch.Tests
	EndGlobalSection
	GlobalSection(SolutionConfigurationPlatforms) = preSolution
		Debug|Any CPU = Debug|Any CPU
		Release|Any CPU = Release|Any CPU
	EndGlobalSection
	GlobalSection(ProjectConfigurationPlatforms) = postSolution
		{82C84B72-23DD-4354-AD0D-C6FF9E34B34F}.Debug|Any CPU.ActiveCfg = Debug|Any CPU
		{82C84B72-23DD-4354-AD0D-C6FF9E34B34F}.Debug|Any CPU.Build.0 = Debug|Any CPU
		{82C84B72-23DD-4354-AD0D-C6FF9E34B34F}.Release|Any CPU.ActiveCfg = Release|Any CPU
		{82C84B72-23DD-4354-AD0D-C6FF9E34B34F}.Release|Any CPU.Build.0 = Release|Any CPU
		{4D51DDA0-D55D-4129-8157-FDB20D9879E9}.Debug|Any CPU.ActiveCfg = Debug|Any CPU
		{4D51DDA0-D55D-4129-8157-FDB20D9879E9}.Debug|Any CPU.Build.0 = Debug|Any CPU
		{4D51DDA0-D55D-4129-8157-FDB20D9879E9}.Release|Any CPU.ActiveCfg = Release|Any CPU
		{4D51DDA0-D55D-4129-8157-FDB20D9879E9}.Release|Any CPU.Build.0 = Release|Any CPU
	EndGlobalSection
	GlobalSection(SolutionProperties) = preSolution
		HideSolutionNode = FALSE
	EndGlobalSection
EndGlobal
